{
  "name": "@berkas/files",
  "version": "1.0.0",
  "description": "",
  "main": "index.html",
  "directories": {
    "lib": "lib"
  },
  "scripts": {
    "test": "echo \"Error: no test specified\" && exit 1"
  },
  "repository": {
    "type": "git",
    "url": "git+https://github.com/uaiim/files.git"
  },
  "author": "",
  "license": "ISC",
  "bugs": {
    "url": "https://github.com/uaiim/files/issues"
  },
  "publishConfig": {
    "access": "public"
  },
  "homepage": "https://github.com/uaiim/files#readme"
}
